github.com/aivyss/typex v1.0.0 h1:W9mKJOpXDsXs2Uka0zveo4qAYfG+YhvsMtsQBX10qSE=
github.com/aivyss/typex v1.0.0/go.mod h1:8luE6hnCtP7B92b9tFGPZ4pfjdG6BgEvocwvM0FTkBk=
github.com/aivyss/typex v1.0.1 h1:PmTn6li+O60YpT12RNYvuF2mw7wfuC/sbl1yskPx14A=
github.com/aivyss/typex v1.0.1/go.mod h1:8luE6hnCtP7B92b9tFGPZ4pfjdG6BgEvocwvM0FTkBk=
github.com/aivyss/typex v1.0.2 h1:d6VKnZdSfW5Qqr2t4aMzNW5fgGc46uUAZOUnc6FaWMA=
github.com/aivyss/typex v1.0.2/go.mod h1:8luE6hnCtP7B92b9tFGPZ4pfjdG6BgEvocwvM0FTkBk=
github.com/aivyss/typex v1.0.3 h1:ufMjhMXjT6zlfqj4G79mN5naPp9N3iAvKwmcVUOpn+w=
github.com/aivyss/typex v1.0.3/go.mod h1:8luE6hnCtP7B92b9tFGPZ4pfjdG6BgEvocwvM0FTkBk=
