github.com/aivyss/typex v1.0.4 h1:gH6mPoXeMMUaPIEq2qfZH6QAEDjrkInVFGg3c/beegE=
github.com/aivyss/typex v1.0.4/go.mod h1:8luE6hnCtP7B92b9tFGPZ4pfjdG6BgEvocwvM0FTkBk=
github.com/aivyss/typex v1.1.0 h1:vlUS5tR0QzMhVIV9Zo539Ef8cJ2MFDH2YuWch29eNPM=
github.com/aivyss/typex v1.1.0/go.mod h1:8luE6hnCtP7B92b9tFGPZ4pfjdG6BgEvocwvM0FTkBk=
